
Microsoft Visual Studio Solution File, Format Version 12.00
# Visual Studio Version 17
VisualStudioVersion = 17.5.33414.496
MinimumVisualStudioVersion = 10.0.40219.1
Project("{FAE04EC0-301F-11D3-BF4B-00C04F79EFBC}") = "MatchGame2", "MatchGame2.csproj", "{552F1807-28E8-469A-B9E1-45FD3A5E83FF}"
EndProject
Global
	GlobalSection(SolutionConfigurationPlatforms) = preSolution
		Debug|Any CPU = Debug|Any CPU
		Release|Any CPU = Release|Any CPU
	EndGlobalSection
	GlobalSection(ProjectConfigurationPlatforms) = postSolution
		{552F1807-28E8-469A-B9E1-45FD3A5E83FF}.Debug|Any CPU.ActiveCfg = Debug|Any CPU
		{552F1807-28E8-469A-B9E1-45FD3A5E83FF}.Debug|Any CPU.Build.0 = Debug|Any CPU
		{552F1807-28E8-469A-B9E1-45FD3A5E83FF}.Release|Any CPU.ActiveCfg = Release|Any CPU
		{552F1807-28E8-469A-B9E1-45FD3A5E83FF}.Release|Any CPU.Build.0 = Release|Any CPU
	EndGlobalSection
	GlobalSection(SolutionProperties) = preSolution
		HideSolutionNode = FALSE
	EndGlobalSection
	GlobalSection(ExtensibilityGlobals) = postSolution
		SolutionGuid = {A29F93CC-33DC-47D0-A920-4A1B5E0A8160}
	EndGlobalSection
EndGlobal
